
Microsoft Visual Studio Solution File, Format Version 12.00
# Visual Studio Version 17
VisualStudioVersion = 17.4.33213.308
MinimumVisualStudioVersion = 10.0.40219.1
Project("{FAE04EC0-301F-11D3-BF4B-00C04F79EFBC}") = "DemoMVVMB.Android", "DemoMVVMB\DemoMVVMB.Android\DemoMVVMB.Android.csproj", "{AE66D380-69BD-4EF7-9638-B15B0D4A0ECE}"
EndProject
Project("{FAE04EC0-301F-11D3-BF4B-00C04F79EFBC}") = "DemoMVVMB.iOS", "DemoMVVMB\DemoMVVMB.iOS\DemoMVVMB.iOS.csproj", "{9D149E1D-7892-45E9-9BC4-7847403C7D92}"
EndProject
Project("{FAE04EC0-301F-11D3-BF4B-00C04F79EFBC}") = "DemoMVVMB", "DemoMVVMB\DemoMVVMB\DemoMVVMB.csproj", "{D3C801D5-4058-404A-A17E-F35FDC7E0D0D}"
EndProject
Global
	GlobalSection(SolutionConfigurationPlatforms) = preSolution
		Debug|Any CPU = Debug|Any CPU
		Debug|iPhone = Debug|iPhone
		Debug|iPhoneSimulator = Debug|iPhoneSimulator
		Release|Any CPU = Release|Any CPU
		Release|iPhone = Release|iPhone
		Release|iPhoneSimulator = Release|iPhoneSimulator
	EndGlobalSection
	GlobalSection(ProjectConfigurationPlatforms) = postSolution
		{AE66D380-69BD-4EF7-9638-B15B0D4A0ECE}.Debug|Any CPU.ActiveCfg = Debug|Any CPU
		{AE66D380-69BD-4EF7-9638-B15B0D4A0ECE}.Debug|Any CPU.Build.0 = Debug|Any CPU
		{AE66D380-69BD-4EF7-9638-B15B0D4A0ECE}.Debug|Any CPU.Deploy.0 = Debug|Any CPU
		{AE66D380-69BD-4EF7-9638-B15B0D4A0ECE}.Debug|iPhone.ActiveCfg = Debug|Any CPU
		{AE66D380-69BD-4EF7-9638-B15B0D4A0ECE}.Debug|iPhone.Build.0 = Debug|Any CPU
		{AE66D380-69BD-4EF7-9638-B15B0D4A0ECE}.Debug|iPhone.Deploy.0 = Debug|Any CPU
		{AE66D380-69BD-4EF7-9638-B15B0D4A0ECE}.Debug|iPhoneSimulator.ActiveCfg = Debug|Any CPU
		{AE66D380-69BD-4EF7-9638-B15B0D4A0ECE}.Debug|iPhoneSimulator.Build.0 = Debug|Any CPU
		{AE66D380-69BD-4EF7-9638-B15B0D4A0ECE}.Debug|iPhoneSimulator.Deploy.0 = Debug|Any CPU
		{AE66D380-69BD-4EF7-9638-B15B0D4A0ECE}.Release|Any CPU.ActiveCfg = Release|Any CPU
		{AE66D380-69BD-4EF7-9638-B15B0D4A0ECE}.Release|Any CPU.Build.0 = Release|Any CPU
		{AE66D380-69BD-4EF7-9638-B15B0D4A0ECE}.Release|Any CPU.Deploy.0 = Release|Any CPU
		{AE66D380-69BD-4EF7-9638-B15B0D4A0ECE}.Release|iPhone.ActiveCfg = Release|Any CPU
		{AE66D380-69BD-4EF7-9638-B15B0D4A0ECE}.Release|iPhone.Build.0 = Release|Any CPU
		{AE66D380-69BD-4EF7-9638-B15B0D4A0ECE}.Release|iPhone.Deploy.0 = Release|Any CPU
		{AE66D380-69BD-4EF7-9638-B15B0D4A0ECE}.Release|iPhoneSimulator.ActiveCfg = Release|Any CPU
		{AE66D380-69BD-4EF7-9638-B15B0D4A0ECE}.Release|iPhoneSimulator.Build.0 = Release|Any CPU
		{AE66D380-69BD-4EF7-9638-B15B0D4A0ECE}.Release|iPhoneSimulator.Deploy.0 = Release|Any CPU
		{9D149E1D-7892-45E9-9BC4-7847403C7D92}.Debug|Any CPU.ActiveCfg = Debug|iPhone
		{9D149E1D-7892-45E9-9BC4-7847403C7D92}.Debug|Any CPU.Build.0 = Debug|iPhone
		{9D149E1D-7892-45E9-9BC4-7847403C7D92}.Debug|Any CPU.Deploy.0 = Debug|iPhone
		{9D149E1D-7892-45E9-9BC4-7847403C7D92}.Debug|iPhone.ActiveCfg = Debug|iPhone
		{9D149E1D-7892-45E9-9BC4-7847403C7D92}.Debug|iPhone.Build.0 = Debug|iPhone
		{9D149E1D-7892-45E9-9BC4-7847403C7D92}.Debug|iPhone.Deploy.0 = Debug|iPhone
		{9D149E1D-7892-45E9-9BC4-7847403C7D92}.Debug|iPhoneSimulator.ActiveCfg = Debug|iPhoneSimulator
		{9D149E1D-7892-45E9-9BC4-7847403C7D92}.Debug|iPhoneSimulator.Build.0 = Debug|iPhoneSimulator
		{9D149E1D-7892-45E9-9BC4-7847403C7D92}.Debug|iPhoneSimulator.Deploy.0 = Debug|iPhoneSimulator
		{9D149E1D-7892-45E9-9BC4-7847403C7D92}.Release|Any CPU.ActiveCfg = Release|iPhoneSimulator
		{9D149E1D-7892-45E9-9BC4-7847403C7D92}.Release|Any CPU.Build.0 = Release|iPhoneSimulator
		{9D149E1D-7892-45E9-9BC4-7847403C7D92}.Release|Any CPU.Deploy.0 = Release|iPhoneSimulator
		{9D149E1D-7892-45E9-9BC4-7847403C7D92}.Release|iPhone.ActiveCfg = Release|iPhone
		{9D149E1D-7892-45E9-9BC4-7847403C7D92}.Release|iPhone.Build.0 = Release|iPhone
		{9D149E1D-7892-45E9-9BC4-7847403C7D92}.Release|iPhone.Deploy.0 = Release|iPhone
		{9D149E1D-7892-45E9-9BC4-7847403C7D92}.Release|iPhoneSimulator.ActiveCfg = Release|iPhoneSimulator
		{9D149E1D-7892-45E9-9BC4-7847403C7D92}.Release|iPhoneSimulator.Build.0 = Release|iPhoneSimulator
		{9D149E1D-7892-45E9-9BC4-7847403C7D92}.Release|iPhoneSimulator.Deploy.0 = Release|iPhoneSimulator
		{D3C801D5-4058-404A-A17E-F35FDC7E0D0D}.Debug|Any CPU.ActiveCfg = Debug|Any CPU
		{D3C801D5-4058-404A-A17E-F35FDC7E0D0D}.Debug|Any CPU.Build.0 = Debug|Any CPU
		{D3C801D5-4058-404A-A17E-F35FDC7E0D0D}.Debug|Any CPU.Deploy.0 = Debug|Any CPU
		{D3C801D5-4058-404A-A17E-F35FDC7E0D0D}.Debug|iPhone.ActiveCfg = Debug|Any CPU
		{D3C801D5-4058-404A-A17E-F35FDC7E0D0D}.Debug|iPhone.Build.0 = Debug|Any CPU
		{D3C801D5-4058-404A-A17E-F35FDC7E0D0D}.Debug|iPhone.Deploy.0 = Debug|Any CPU
		{D3C801D5-4058-404A-A17E-F35FDC7E0D0D}.Debug|iPhoneSimulator.ActiveCfg = Debug|Any CPU
		{D3C801D5-4058-404A-A17E-F35FDC7E0D0D}.Debug|iPhoneSimulator.Build.0 = Debug|Any CPU
		{D3C801D5-4058-404A-A17E-F35FDC7E0D0D}.Debug|iPhoneSimulator.Deploy.0 = Debug|Any CPU
		{D3C801D5-4058-404A-A17E-F35FDC7E0D0D}.Release|Any CPU.ActiveCfg = Release|Any CPU
		{D3C801D5-4058-404A-A17E-F35FDC7E0D0D}.Release|Any CPU.Build.0 = Release|Any CPU
		{D3C801D5-4058-404A-A17E-F35FDC7E0D0D}.Release|Any CPU.Deploy.0 = Release|Any CPU
		{D3C801D5-4058-404A-A17E-F35FDC7E0D0D}.Release|iPhone.ActiveCfg = Release|Any CPU
		{D3C801D5-4058-404A-A17E-F35FDC7E0D0D}.Release|iPhone.Build.0 = Release|Any CPU
		{D3C801D5-4058-404A-A17E-F35FDC7E0D0D}.Release|iPhone.Deploy.0 = Release|Any CPU
		{D3C801D5-4058-404A-A17E-F35FDC7E0D0D}.Release|iPhoneSimulator.ActiveCfg = Release|Any CPU
		{D3C801D5-4058-404A-A17E-F35FDC7E0D0D}.Release|iPhoneSimulator.Build.0 = Release|Any CPU
		{D3C801D5-4058-404A-A17E-F35FDC7E0D0D}.Release|iPhoneSimulator.Deploy.0 = Release|Any CPU
	EndGlobalSection
	GlobalSection(SolutionProperties) = preSolution
		HideSolutionNode = FALSE
	EndGlobalSection
	GlobalSection(ExtensibilityGlobals) = postSolution
		SolutionGuid = {F050FAB6-D223-4BF0-8F0D-9EEF3838DD9C}
	EndGlobalSection
EndGlobal
